
Microsoft Visual Studio Solution File, Format Version 12.00
# Visual Studio Version 17
VisualStudioVersion = 17.8.34309.116
MinimumVisualStudioVersion = 10.0.40219.1
Project("{FAE04EC0-301F-11D3-BF4B-00C04F79EFBC}") = "PictureViewer", "PictureViewer\PictureViewer.csproj", "{8E670273-D0E6-456F-B4BA-E9FE20399F5D}"
EndProject
Global
	GlobalSection(SolutionConfigurationPlatforms) = preSolution
		Debug|Any CPU = Debug|Any CPU
		Release|Any CPU = Release|Any CPU
	EndGlobalSection
	GlobalSection(ProjectConfigurationPlatforms) = postSolution
		{8E670273-D0E6-456F-B4BA-E9FE20399F5D}.Debug|Any CPU.ActiveCfg = Debug|Any CPU
		{8E670273-D0E6-456F-B4BA-E9FE20399F5D}.Debug|Any CPU.Build.0 = Debug|Any CPU
		{8E670273-D0E6-456F-B4BA-E9FE20399F5D}.Release|Any CPU.ActiveCfg = Release|Any CPU
		{8E670273-D0E6-456F-B4BA-E9FE20399F5D}.Release|Any CPU.Build.0 = Release|Any CPU
	EndGlobalSection
	GlobalSection(SolutionProperties) = preSolution
		HideSolutionNode = FALSE
	EndGlobalSection
	GlobalSection(ExtensibilityGlobals) = postSolution
		SolutionGuid = {ED5F94D6-F554-4290-8367-E6B531C46ABF}
	EndGlobalSection
EndGlobal
