
Microsoft Visual Studio Solution File, Format Version 12.00
# Visual Studio Version 17
VisualStudioVersion = 17.8.34309.116
MinimumVisualStudioVersion = 10.0.40219.1
Project("{FAE04EC0-301F-11D3-BF4B-00C04F79EFBC}") = "UsingControls", "UsingControls\UsingControls.csproj", "{0FE19D86-D1DF-4485-BDC9-B5B9BDF82608}"
EndProject
Global
	GlobalSection(SolutionConfigurationPlatforms) = preSolution
		Debug|Any CPU = Debug|Any CPU
		Release|Any CPU = Release|Any CPU
	EndGlobalSection
	GlobalSection(ProjectConfigurationPlatforms) = postSolution
		{0FE19D86-D1DF-4485-BDC9-B5B9BDF82608}.Debug|Any CPU.ActiveCfg = Debug|Any CPU
		{0FE19D86-D1DF-4485-BDC9-B5B9BDF82608}.Debug|Any CPU.Build.0 = Debug|Any CPU
		{0FE19D86-D1DF-4485-BDC9-B5B9BDF82608}.Release|Any CPU.ActiveCfg = Release|Any CPU
		{0FE19D86-D1DF-4485-BDC9-B5B9BDF82608}.Release|Any CPU.Build.0 = Release|Any CPU
	EndGlobalSection
	GlobalSection(SolutionProperties) = preSolution
		HideSolutionNode = FALSE
	EndGlobalSection
	GlobalSection(ExtensibilityGlobals) = postSolution
		SolutionGuid = {3DCE5456-CCE0-4F80-83DD-7319EF49CF2B}
	EndGlobalSection
EndGlobal
